
Microsoft Visual Studio Solution File, Format Version 12.00
# Visual Studio 15
VisualStudioVersion = 15.0.27428.2043
MinimumVisualStudioVersion = 10.0.40219.1
Project("{FAE04EC0-301F-11D3-BF4B-00C04F79EFBC}") = "Lecture4", "Lecture4\Lecture4.csproj", "{8A8E9605-9844-4C20-AE56-910F5AF2BFE2}"
EndProject
Project("{FAE04EC0-301F-11D3-BF4B-00C04F79EFBC}") = "Intersector.Demo", "ClassLibrary1\Intersector.Demo.csproj", "{F8B01484-50AF-4721-A7AD-1C394A763A9D}"
EndProject
Project("{FAE04EC0-301F-11D3-BF4B-00C04F79EFBC}") = "Intersector.Demo.Test", "Intersector.Demo.Test\Intersector.Demo.Test.csproj", "{831A4552-B804-4332-A2F9-C24E7E491D0F}"
EndProject
Global
	GlobalSection(SolutionConfigurationPlatforms) = preSolution
		Debug|Any CPU = Debug|Any CPU
		Release|Any CPU = Release|Any CPU
	EndGlobalSection
	GlobalSection(ProjectConfigurationPlatforms) = postSolution
		{8A8E9605-9844-4C20-AE56-910F5AF2BFE2}.Debug|Any CPU.ActiveCfg = Debug|Any CPU
		{8A8E9605-9844-4C20-AE56-910F5AF2BFE2}.Debug|Any CPU.Build.0 = Debug|Any CPU
		{8A8E9605-9844-4C20-AE56-910F5AF2BFE2}.Release|Any CPU.ActiveCfg = Release|Any CPU
		{8A8E9605-9844-4C20-AE56-910F5AF2BFE2}.Release|Any CPU.Build.0 = Release|Any CPU
		{F8B01484-50AF-4721-A7AD-1C394A763A9D}.Debug|Any CPU.ActiveCfg = Debug|Any CPU
		{F8B01484-50AF-4721-A7AD-1C394A763A9D}.Debug|Any CPU.Build.0 = Debug|Any CPU
		{F8B01484-50AF-4721-A7AD-1C394A763A9D}.Release|Any CPU.ActiveCfg = Release|Any CPU
		{F8B01484-50AF-4721-A7AD-1C394A763A9D}.Release|Any CPU.Build.0 = Release|Any CPU
		{831A4552-B804-4332-A2F9-C24E7E491D0F}.Debug|Any CPU.ActiveCfg = Debug|Any CPU
		{831A4552-B804-4332-A2F9-C24E7E491D0F}.Debug|Any CPU.Build.0 = Debug|Any CPU
		{831A4552-B804-4332-A2F9-C24E7E491D0F}.Release|Any CPU.ActiveCfg = Release|Any CPU
		{831A4552-B804-4332-A2F9-C24E7E491D0F}.Release|Any CPU.Build.0 = Release|Any CPU
	EndGlobalSection
	GlobalSection(SolutionProperties) = preSolution
		HideSolutionNode = FALSE
	EndGlobalSection
	GlobalSection(ExtensibilityGlobals) = postSolution
		SolutionGuid = {02546722-D24A-4342-B631-63BB7ABB9E7C}
	EndGlobalSection
EndGlobal
