
Microsoft Visual Studio Solution File, Format Version 12.00
# Visual Studio 15
VisualStudioVersion = 15.0.27703.2047
MinimumVisualStudioVersion = 10.0.40219.1
Project("{FAE04EC0-301F-11D3-BF4B-00C04F79EFBC}") = "API Controller adn swagger", "WebApplication1\API Controller adn swagger.csproj", "{8D029456-F73C-4A77-82EA-C738EBAAC33D}"
EndProject
Global
	GlobalSection(SolutionConfigurationPlatforms) = preSolution
		Debug|Any CPU = Debug|Any CPU
		Release|Any CPU = Release|Any CPU
	EndGlobalSection
	GlobalSection(ProjectConfigurationPlatforms) = postSolution
		{8D029456-F73C-4A77-82EA-C738EBAAC33D}.Debug|Any CPU.ActiveCfg = Debug|Any CPU
		{8D029456-F73C-4A77-82EA-C738EBAAC33D}.Debug|Any CPU.Build.0 = Debug|Any CPU
		{8D029456-F73C-4A77-82EA-C738EBAAC33D}.Release|Any CPU.ActiveCfg = Release|Any CPU
		{8D029456-F73C-4A77-82EA-C738EBAAC33D}.Release|Any CPU.Build.0 = Release|Any CPU
	EndGlobalSection
	GlobalSection(SolutionProperties) = preSolution
		HideSolutionNode = FALSE
	EndGlobalSection
	GlobalSection(ExtensibilityGlobals) = postSolution
		SolutionGuid = {933BD9DE-1A4F-46BE-BCA9-6AF7068E9829}
	EndGlobalSection
EndGlobal
