
Microsoft Visual Studio Solution File, Format Version 12.00
# Visual Studio 15
VisualStudioVersion = 15.0.27428.2043
MinimumVisualStudioVersion = 10.0.40219.1
Project("{FAE04EC0-301F-11D3-BF4B-00C04F79EFBC}") = "CalculatorLib", "Calculator\CalculatorLib.csproj", "{4EB7F776-0383-466F-9C42-C5BBB42A808A}"
EndProject
Project("{FAE04EC0-301F-11D3-BF4B-00C04F79EFBC}") = "CalculatorTest", "CalculatorTest\CalculatorTest.csproj", "{5AAB4682-9C16-4A83-A790-7E97BDC8C267}"
EndProject
Global
	GlobalSection(SolutionConfigurationPlatforms) = preSolution
		Debug|Any CPU = Debug|Any CPU
		Release|Any CPU = Release|Any CPU
	EndGlobalSection
	GlobalSection(ProjectConfigurationPlatforms) = postSolution
		{4EB7F776-0383-466F-9C42-C5BBB42A808A}.Debug|Any CPU.ActiveCfg = Debug|Any CPU
		{4EB7F776-0383-466F-9C42-C5BBB42A808A}.Debug|Any CPU.Build.0 = Debug|Any CPU
		{4EB7F776-0383-466F-9C42-C5BBB42A808A}.Release|Any CPU.ActiveCfg = Release|Any CPU
		{4EB7F776-0383-466F-9C42-C5BBB42A808A}.Release|Any CPU.Build.0 = Release|Any CPU
		{5AAB4682-9C16-4A83-A790-7E97BDC8C267}.Debug|Any CPU.ActiveCfg = Debug|Any CPU
		{5AAB4682-9C16-4A83-A790-7E97BDC8C267}.Debug|Any CPU.Build.0 = Debug|Any CPU
		{5AAB4682-9C16-4A83-A790-7E97BDC8C267}.Release|Any CPU.ActiveCfg = Release|Any CPU
		{5AAB4682-9C16-4A83-A790-7E97BDC8C267}.Release|Any CPU.Build.0 = Release|Any CPU
	EndGlobalSection
	GlobalSection(SolutionProperties) = preSolution
		HideSolutionNode = FALSE
	EndGlobalSection
	GlobalSection(ExtensibilityGlobals) = postSolution
		SolutionGuid = {13945562-0DED-45C5-8656-9426D079479F}
	EndGlobalSection
EndGlobal
