
Microsoft Visual Studio Solution File, Format Version 12.00
# Visual Studio 15
VisualStudioVersion = 15.0.27428.2005
MinimumVisualStudioVersion = 10.0.40219.1
Project("{FAE04EC0-301F-11D3-BF4B-00C04F79EFBC}") = "Module1.Console", "Module1.Console\Module1.Console.csproj", "{53BCD045-431B-4E7B-8EA8-731E5EC0313D}"
EndProject
Project("{FAE04EC0-301F-11D3-BF4B-00C04F79EFBC}") = "Module1.Lib", "Module1.Lib\Module1.Lib.csproj", "{7B11FE82-18AA-4F12-B31B-B13F7A619C43}"
EndProject
Project("{FAE04EC0-301F-11D3-BF4B-00C04F79EFBC}") = "Module1.Test", "Module1.Test\Module1.Test.csproj", "{55FA1D6F-1418-457D-AE62-67CF53C2C5BB}"
EndProject
Global
	GlobalSection(SolutionConfigurationPlatforms) = preSolution
		Debug|Any CPU = Debug|Any CPU
		Release|Any CPU = Release|Any CPU
	EndGlobalSection
	GlobalSection(ProjectConfigurationPlatforms) = postSolution
		{53BCD045-431B-4E7B-8EA8-731E5EC0313D}.Debug|Any CPU.ActiveCfg = Debug|Any CPU
		{53BCD045-431B-4E7B-8EA8-731E5EC0313D}.Debug|Any CPU.Build.0 = Debug|Any CPU
		{53BCD045-431B-4E7B-8EA8-731E5EC0313D}.Release|Any CPU.ActiveCfg = Release|Any CPU
		{53BCD045-431B-4E7B-8EA8-731E5EC0313D}.Release|Any CPU.Build.0 = Release|Any CPU
		{7B11FE82-18AA-4F12-B31B-B13F7A619C43}.Debug|Any CPU.ActiveCfg = Debug|Any CPU
		{7B11FE82-18AA-4F12-B31B-B13F7A619C43}.Debug|Any CPU.Build.0 = Debug|Any CPU
		{7B11FE82-18AA-4F12-B31B-B13F7A619C43}.Release|Any CPU.ActiveCfg = Release|Any CPU
		{7B11FE82-18AA-4F12-B31B-B13F7A619C43}.Release|Any CPU.Build.0 = Release|Any CPU
		{55FA1D6F-1418-457D-AE62-67CF53C2C5BB}.Debug|Any CPU.ActiveCfg = Debug|Any CPU
		{55FA1D6F-1418-457D-AE62-67CF53C2C5BB}.Debug|Any CPU.Build.0 = Debug|Any CPU
		{55FA1D6F-1418-457D-AE62-67CF53C2C5BB}.Release|Any CPU.ActiveCfg = Release|Any CPU
		{55FA1D6F-1418-457D-AE62-67CF53C2C5BB}.Release|Any CPU.Build.0 = Release|Any CPU
	EndGlobalSection
	GlobalSection(SolutionProperties) = preSolution
		HideSolutionNode = FALSE
	EndGlobalSection
	GlobalSection(ExtensibilityGlobals) = postSolution
		SolutionGuid = {035E9C4A-1A24-454C-A53F-51DDB58693FA}
	EndGlobalSection
EndGlobal
